
Microsoft Visual Studio Solution File, Format Version 12.00
# Visual Studio Version 17
VisualStudioVersion = 17.14.36301.6 d17.14
MinimumVisualStudioVersion = 10.0.40219.1
Project("{FAE04EC0-301F-11D3-BF4B-00C04F79EFBC}") = "WebApplication1", "WebApplication1.csproj", "{947BD4E9-CF81-4FE3-B9FD-E84946A26425}"
EndProject
Global
	GlobalSection(SolutionConfigurationPlatforms) = preSolution
		Debug|Any CPU = Debug|Any CPU
		Release|Any CPU = Release|Any CPU
	EndGlobalSection
	GlobalSection(ProjectConfigurationPlatforms) = postSolution
		{947BD4E9-CF81-4FE3-B9FD-E84946A26425}.Debug|Any CPU.ActiveCfg = Debug|Any CPU
		{947BD4E9-CF81-4FE3-B9FD-E84946A26425}.Debug|Any CPU.Build.0 = Debug|Any CPU
		{947BD4E9-CF81-4FE3-B9FD-E84946A26425}.Release|Any CPU.ActiveCfg = Release|Any CPU
		{947BD4E9-CF81-4FE3-B9FD-E84946A26425}.Release|Any CPU.Build.0 = Release|Any CPU
	EndGlobalSection
	GlobalSection(SolutionProperties) = preSolution
		HideSolutionNode = FALSE
	EndGlobalSection
	GlobalSection(ExtensibilityGlobals) = postSolution
		SolutionGuid = {A58BD18C-55D5-4296-8824-20B72F64602F}
	EndGlobalSection
EndGlobal
